
Microsoft Visual Studio Solution File, Format Version 12.00
# Visual Studio Version 16
VisualStudioVersion = 16.0.31402.337
MinimumVisualStudioVersion = 10.0.40219.1
Project("{FAE04EC0-301F-11D3-BF4B-00C04F79EFBC}") = "Apbd14", "Apbd14.csproj", "{3A856307-C83E-494B-A5F2-6A9CF35EB433}"
EndProject
Project("{2150E333-8FDC-42A3-9474-1A3956D46DE8}") = "tests", "tests", "{AA0B736F-9BFF-462E-919F-C5681EF2D1D5}"
EndProject
Project("{2150E333-8FDC-42A3-9474-1A3956D46DE8}") = "src", "src", "{36DF92FA-F214-4209-B94D-0F60616D45EA}"
EndProject
Project("{FAE04EC0-301F-11D3-BF4B-00C04F79EFBC}") = "Apbd14.Tests", "..\Apbd14.Tests\Apbd14.Tests.csproj", "{8C3E8B62-D04A-4A21-8137-A5C593E07B34}"
EndProject
Global
	GlobalSection(SolutionConfigurationPlatforms) = preSolution
		Debug|Any CPU = Debug|Any CPU
		Release|Any CPU = Release|Any CPU
	EndGlobalSection
	GlobalSection(ProjectConfigurationPlatforms) = postSolution
		{3A856307-C83E-494B-A5F2-6A9CF35EB433}.Debug|Any CPU.ActiveCfg = Debug|Any CPU
		{3A856307-C83E-494B-A5F2-6A9CF35EB433}.Debug|Any CPU.Build.0 = Debug|Any CPU
		{3A856307-C83E-494B-A5F2-6A9CF35EB433}.Release|Any CPU.ActiveCfg = Release|Any CPU
		{3A856307-C83E-494B-A5F2-6A9CF35EB433}.Release|Any CPU.Build.0 = Release|Any CPU
		{8C3E8B62-D04A-4A21-8137-A5C593E07B34}.Debug|Any CPU.ActiveCfg = Debug|Any CPU
		{8C3E8B62-D04A-4A21-8137-A5C593E07B34}.Debug|Any CPU.Build.0 = Debug|Any CPU
		{8C3E8B62-D04A-4A21-8137-A5C593E07B34}.Release|Any CPU.ActiveCfg = Release|Any CPU
		{8C3E8B62-D04A-4A21-8137-A5C593E07B34}.Release|Any CPU.Build.0 = Release|Any CPU
	EndGlobalSection
	GlobalSection(SolutionProperties) = preSolution
		HideSolutionNode = FALSE
	EndGlobalSection
	GlobalSection(NestedProjects) = preSolution
		{3A856307-C83E-494B-A5F2-6A9CF35EB433} = {36DF92FA-F214-4209-B94D-0F60616D45EA}
		{8C3E8B62-D04A-4A21-8137-A5C593E07B34} = {AA0B736F-9BFF-462E-919F-C5681EF2D1D5}
	EndGlobalSection
	GlobalSection(ExtensibilityGlobals) = postSolution
		SolutionGuid = {2EE2159B-F435-4F7C-870F-149A7B4942AA}
	EndGlobalSection
EndGlobal
