
Microsoft Visual Studio Solution File, Format Version 12.00
# Visual Studio Version 16
VisualStudioVersion = 16.0.31112.23
MinimumVisualStudioVersion = 10.0.40219.1
Project("{FAE04EC0-301F-11D3-BF4B-00C04F79EFBC}") = "cwiczenia8", "cwiczenia8.csproj", "{D6B817D9-D595-46BB-9AF8-CA7B6F9D3A3D}"
EndProject
Global
	GlobalSection(SolutionConfigurationPlatforms) = preSolution
		Debug|Any CPU = Debug|Any CPU
		Release|Any CPU = Release|Any CPU
	EndGlobalSection
	GlobalSection(ProjectConfigurationPlatforms) = postSolution
		{D6B817D9-D595-46BB-9AF8-CA7B6F9D3A3D}.Debug|Any CPU.ActiveCfg = Debug|Any CPU
		{D6B817D9-D595-46BB-9AF8-CA7B6F9D3A3D}.Debug|Any CPU.Build.0 = Debug|Any CPU
		{D6B817D9-D595-46BB-9AF8-CA7B6F9D3A3D}.Release|Any CPU.ActiveCfg = Release|Any CPU
		{D6B817D9-D595-46BB-9AF8-CA7B6F9D3A3D}.Release|Any CPU.Build.0 = Release|Any CPU
	EndGlobalSection
	GlobalSection(SolutionProperties) = preSolution
		HideSolutionNode = FALSE
	EndGlobalSection
	GlobalSection(ExtensibilityGlobals) = postSolution
		SolutionGuid = {420B9C4D-8CAA-4BD6-ABDD-2B90301B5908}
	EndGlobalSection
EndGlobal
